github.com/frjo/hugo-theme-zen v1.6.6 h1:4u+MjG7wsm1kGA4ogDDtCoQnG3eRgqSwGlrnSlKhzvM=
github.com/frjo/hugo-theme-zen v1.6.6/go.mod h1:rnj+r21QUs67tvO9VRsMEggl1cB637lMtSTIZBQk/iA=
github.com/frjo/hugo-theme-zen v1.7.0 h1:hGn8go5REqcbnhdqzbVcvxtsAIerOurWMolSjAi+eQw=
github.com/frjo/hugo-theme-zen v1.7.0/go.mod h1:rnj+r21QUs67tvO9VRsMEggl1cB637lMtSTIZBQk/iA=
